lockfileVersion: '9.0'

settings:
  autoInstallPeers: true
  excludeLinksFromLockfile: false

importers:

  .:
    dependencies:
      openai:
        specifier: ^6.6.0
        version: 6.6.0

packages:

  openai@6.6.0:
    resolution: {integrity: sha512-1yWk4cBsHF5Bq9TreHYOHY7pbqdlT74COnm8vPx7WKn36StS+Hyk8DdAitnLaw67a5Cudkz5EmlFQjSrNnrA2w==}
    hasBin: true
    peerDependencies:
      ws: ^8.18.0
      zod: ^3.25 || ^4.0
    peerDependenciesMeta:
      ws:
        optional: true
      zod:
        optional: true

snapshots:

  openai@6.6.0: {}
